// !$*UTF8*$!
{
	archiveVersion = 1;
	classes = {
	};
	objectVersion = 55;
	objects = {

/* Begin PBXBuildFile section */
		15AF0E1E1235543A626CE7DA /* Pods_flixter_flixterUITests.framework in Frameworks */ = {isa = PBXBuildFile; fileRef = F57FB2ACDE931F574A8FD729 /* Pods_flixter_flixterUITests.framework */; };
		94538F19285A554600CB2F62 /* AppDelegate.m in Sources */ = {isa = PBXBuildFile; fileRef = 94538F18285A554600CB2F62 /* AppDelegate.m */; };
		94538F1C285A554600CB2F62 /* SceneDelegate.m in Sources */ = {isa = PBXBuildFile; fileRef = 94538F1B285A554600CB2F62 /* SceneDelegate.m */; };
		94538F22285A554600CB2F62 /* Main.storyboard in Resources */ = {isa = PBXBuildFile; fileRef = 94538F20285A554600CB2F62 /* Main.storyboard */; };
		94538F24285A554600CB2F62 /* Assets.xcassets in Resources */ = {isa = PBXBuildFile; fileRef = 94538F23285A554600CB2F62 /* Assets.xcassets */; };
		94538F27285A554600CB2F62 /* LaunchScreen.storyboard in Resources */ = {isa = PBXBuildFile; fileRef = 94538F25285A554600CB2F62 /* LaunchScreen.storyboard */; };
		94538F2A285A554600CB2F62 /* main.m in Sources */ = {isa = PBXBuildFile; fileRef = 94538F29285A554600CB2F62 /* main.m */; };
		94538F34285A554700CB2F62 /* flixterTests.m in Sources */ = {isa = PBXBuildFile; fileRef = 94538F33285A554700CB2F62 /* flixterTests.m */; };
		94538F3E285A554700CB2F62 /* flixterUITests.m in Sources */ = {isa = PBXBuildFile; fileRef = 94538F3D285A554700CB2F62 /* flixterUITests.m */; };
		94538F40285A554700CB2F62 /* flixterUITestsLaunchTests.m in Sources */ = {isa = PBXBuildFile; fileRef = 94538F3F285A554700CB2F62 /* flixterUITestsLaunchTests.m */; };
		94538F4E285A76E900CB2F62 /* MovieViewController.m in Sources */ = {isa = PBXBuildFile; fileRef = 94538F4D285A76E900CB2F62 /* MovieViewController.m */; };
		94538F55285AAA7800CB2F62 /* myCustomCell.m in Sources */ = {isa = PBXBuildFile; fileRef = 94538F54285AAA7800CB2F62 /* myCustomCell.m */; };
		94538FA2285BFE9400CB2F62 /* DetailsViewController.m in Sources */ = {isa = PBXBuildFile; fileRef = 94538FA1285BFE9400CB2F62 /* DetailsViewController.m */; };
		94769175285FEB8200ED0947 /* TrailerViewController.m in Sources */ = {isa = PBXBuildFile; fileRef = 94769174285FEB8200ED0947 /* TrailerViewController.m */; };
		9476917A286017B900ED0947 /* WebKit.framework in Frameworks */ = {isa = PBXBuildFile; fileRef = 94769179286017B900ED0947 /* WebKit.framework */; };
		94D43FE8285C58AA007C8827 /* GridViewController.m in Sources */ = {isa = PBXBuildFile; fileRef = 94D43FE7285C58AA007C8827 /* GridViewController.m */; };
		94D43FEE285C5966007C8827 /* MovieViewGridCell.m in Sources */ = {isa = PBXBuildFile; fileRef = 94D43FED285C5966007C8827 /* MovieViewGridCell.m */; };
		C776031F953C106772F00B1D /* Pods_flixter.framework in Frameworks */ = {isa = PBXBuildFile; fileRef = 31A933B1DCEE3B98ED5DA1C2 /* Pods_flixter.framework */; };
		E195D3ECD64F509F56DB4594 /* Pods_flixterTests.framework in Frameworks */ = {isa = PBXBuildFile; fileRef = 723851B6E680FDD7EAEEB9F8 /* Pods_flixterTests.framework */; };
/* End PBXBuildFile section */

/* Begin PBXContainerItemProxy section */
		94538F30285A554700CB2F62 /* PBXContainerItemProxy */ = {
			isa = PBXContainerItemProxy;
			containerPortal = 94538F0C285A554600CB2F62 /* Project object */;
			proxyType = 1;
			remoteGlobalIDString = 94538F13285A554600CB2F62;
			remoteInfo = flixter;
		};
		94538F3A285A554700CB2F62 /* PBXContainerItemProxy */ = {
			isa = PBXContainerItemProxy;
			containerPortal = 94538F0C285A554600CB2F62 /* Project object */;
			proxyType = 1;
			remoteGlobalIDString = 94538F13285A554600CB2F62;
			remoteInfo = flixter;
		};
/* End PBXContainerItemProxy section */

/* Begin PBXFileReference section */
		0CABD5C908DDA13A018650AA /* Pods-flixter.debug.xcconfig */ = {isa = PBXFileReference; includeInIndex = 1; lastKnownFileType = text.xcconfig; name = "Pods-flixter.debug.xcconfig"; path = "Target Support Files/Pods-flixter/Pods-flixter.debug.xcconfig"; sourceTree = "<group>"; };
		31A933B1DCEE3B98ED5DA1C2 /* Pods_flixter.framework */ = {isa = PBXFileReference; explicitFileType = wrapper.framework; includeInIndex = 0; path = Pods_flixter.framework; sourceTree = BUILT_PRODUCTS_DIR; };
		45291ED7FCDCC9AECE6ADB17 /* Pods-flixterTests.release.xcconfig */ = {isa = PBXFileReference; includeInIndex = 1; lastKnownFileType = text.xcconfig; name = "Pods-flixterTests.release.xcconfig"; path = "Target Support Files/Pods-flixterTests/Pods-flixterTests.release.xcconfig"; sourceTree = "<group>"; };
		4B665C64C1365EAFD25F4B30 /* Pods-flixter-flixterUITests.debug.xcconfig */ = {isa = PBXFileReference; includeInIndex = 1; lastKnownFileType = text.xcconfig; name = "Pods-flixter-flixterUITests.debug.xcconfig"; path = "Target Support Files/Pods-flixter-flixterUITests/Pods-flixter-flixterUITests.debug.xcconfig"; sourceTree = "<group>"; };
		723851B6E680FDD7EAEEB9F8 /* Pods_flixterTests.framework */ = {isa = PBXFileReference; explicitFileType = wrapper.framework; includeInIndex = 0; path = Pods_flixterTests.framework; sourceTree = BUILT_PRODUCTS_DIR; };
		8259DD2D3E6810C80C888BA5 /* Pods-flixterTests.debug.xcconfig */ = {isa = PBXFileReference; includeInIndex = 1; lastKnownFileType = text.xcconfig; name = "Pods-flixterTests.debug.xcconfig"; path = "Target Support Files/Pods-flixterTests/Pods-flixterTests.debug.xcconfig"; sourceTree = "<group>"; };
		86197190FCD07E2C153928C8 /* Pods-flixter-flixterUITests.release.xcconfig */ = {isa = PBXFileReference; includeInIndex = 1; lastKnownFileType = text.xcconfig; name = "Pods-flixter-flixterUITests.release.xcconfig"; path = "Target Support Files/Pods-flixter-flixterUITests/Pods-flixter-flixterUITests.release.xcconfig"; sourceTree = "<group>"; };
		94538F14285A554600CB2F62 /* flixter.app */ = {isa = PBXFileReference; explicitFileType = wrapper.application; includeInIndex = 0; path = flixter.app; sourceTree = BUILT_PRODUCTS_DIR; };
		94538F17285A554600CB2F62 /* AppDelegate.h */ = {isa = PBXFileReference; lastKnownFileType = sourcecode.c.h; path = AppDelegate.h; sourceTree = "<group>"; };
		94538F18285A554600CB2F62 /* AppDelegate.m */ = {isa = PBXFileReference; lastKnownFileType = sourcecode.c.objc; path = AppDelegate.m; sourceTree = "<group>"; };
		94538F1A285A554600CB2F62 /* SceneDelegate.h */ = {isa = PBXFileReference; lastKnownFileType = sourcecode.c.h; path = SceneDelegate.h; sourceTree = "<group>"; };
		94538F1B285A554600CB2F62 /* SceneDelegate.m */ = {isa = PBXFileReference; lastKnownFileType = sourcecode.c.objc; path = SceneDelegate.m; sourceTree = "<group>"; };
		94538F21285A554600CB2F62 /* Base */ = {isa = PBXFileReference; lastKnownFileType = file.storyboard; name = Base; path = Base.lproj/Main.storyboard; sourceTree = "<group>"; };
		94538F23285A554600CB2F62 /* Assets.xcassets */ = {isa = PBXFileReference; lastKnownFileType = folder.assetcatalog; path = Assets.xcassets; sourceTree = "<group>"; };
		94538F26285A554600CB2F62 /* Base */ = {isa = PBXFileReference; lastKnownFileType = file.storyboard; name = Base; path = Base.lproj/LaunchScreen.storyboard; sourceTree = "<group>"; };
		94538F28285A554600CB2F62 /* Info.plist */ = {isa = PBXFileReference; lastKnownFileType = text.plist.xml; path = Info.plist; sourceTree = "<group>"; };
		94538F29285A554600CB2F62 /* main.m */ = {isa = PBXFileReference; lastKnownFileType = sourcecode.c.objc; path = main.m; sourceTree = "<group>"; };
		94538F2F285A554700CB2F62 /* flixterTests.xctest */ = {isa = PBXFileReference; explicitFileType = wrapper.cfbundle; includeInIndex = 0; path = flixterTests.xctest; sourceTree = BUILT_PRODUCTS_DIR; };
		94538F33285A554700CB2F62 /* flixterTests.m */ = {isa = PBXFileReference; lastKnownFileType = sourcecode.c.objc; path = flixterTests.m; sourceTree = "<group>"; };
		94538F39285A554700CB2F62 /* flixterUITests.xctest */ = {isa = PBXFileReference; explicitFileType = wrapper.cfbundle; includeInIndex = 0; path = flixterUITests.xctest; sourceTree = BUILT_PRODUCTS_DIR; };
		94538F3D285A554700CB2F62 /* flixterUITests.m */ = {isa = PBXFileReference; lastKnownFileType = sourcecode.c.objc; path = flixterUITests.m; sourceTree = "<group>"; };
		94538F3F285A554700CB2F62 /* flixterUITestsLaunchTests.m */ = {isa = PBXFileReference; lastKnownFileType = sourcecode.c.objc; path = flixterUITestsLaunchTests.m; sourceTree = "<group>"; };
		94538F4C285A76E900CB2F62 /* MovieViewController.h */ = {isa = PBXFileReference; lastKnownFileType = sourcecode.c.h; path = MovieViewController.h; sourceTree = "<group>"; };
		94538F4D285A76E900CB2F62 /* MovieViewController.m */ = {isa = PBXFileReference; lastKnownFileType = sourcecode.c.objc; path = MovieViewController.m; sourceTree = "<group>"; };
		94538F53285AAA7800CB2F62 /* myCustomCell.h */ = {isa = PBXFileReference; lastKnownFileType = sourcecode.c.h; path = myCustomCell.h; sourceTree = "<group>"; };
		94538F54285AAA7800CB2F62 /* myCustomCell.m */ = {isa = PBXFileReference; lastKnownFileType = sourcecode.c.objc; path = myCustomCell.m; sourceTree = "<group>"; };
		94538FA0285BFE9400CB2F62 /* DetailsViewController.h */ = {isa = PBXFileReference; lastKnownFileType = sourcecode.c.h; path = DetailsViewController.h; sourceTree = "<group>"; };
		94538FA1285BFE9400CB2F62 /* DetailsViewController.m */ = {isa = PBXFileReference; lastKnownFileType = sourcecode.c.objc; path = DetailsViewController.m; sourceTree = "<group>"; };
		94769173285FEB8200ED0947 /* TrailerViewController.h */ = {isa = PBXFileReference; lastKnownFileType = sourcecode.c.h; name = TrailerViewController.h; path = flixter/ViewController/TrailerViewController.h; sourceTree = SOURCE_ROOT; };
		94769174285FEB8200ED0947 /* TrailerViewController.m */ = {isa = PBXFileReference; lastKnownFileType = sourcecode.c.objc; name = TrailerViewController.m; path = flixter/ViewController/TrailerViewController.m; sourceTree = SOURCE_ROOT; };
		94769179286017B900ED0947 /* WebKit.framework */ = {isa = PBXFileReference; lastKnownFileType = wrapper.framework; name = WebKit.framework; path = System/Library/Frameworks/WebKit.framework; sourceTree = SDKROOT; };
		94D43FE6285C58AA007C8827 /* GridViewController.h */ = {isa = PBXFileReference; lastKnownFileType = sourcecode.c.h; path = GridViewController.h; sourceTree = "<group>"; };
		94D43FE7285C58AA007C8827 /* GridViewController.m */ = {isa = PBXFileReference; lastKnownFileType = sourcecode.c.objc; path = GridViewController.m; sourceTree = "<group>"; };
		94D43FEC285C5966007C8827 /* MovieViewGridCell.h */ = {isa = PBXFileReference; lastKnownFileType = sourcecode.c.h; path = MovieViewGridCell.h; sourceTree = "<group>"; };
		94D43FED285C5966007C8827 /* MovieViewGridCell.m */ = {isa = PBXFileReference; lastKnownFileType = sourcecode.c.objc; path = MovieViewGridCell.m; sourceTree = "<group>"; };
		BC82DDC6B7BB4A281A5C476B /* Pods-flixter.release.xcconfig */ = {isa = PBXFileReference; includeInIndex = 1; lastKnownFileType = text.xcconfig; name = "Pods-flixter.release.xcconfig"; path = "Target Support Files/Pods-flixter/Pods-flixter.release.xcconfig"; sourceTree = "<group>"; };
		F57FB2ACDE931F574A8FD729 /* Pods_flixter_flixterUITests.framework */ = {isa = PBXFileReference; explicitFileType = wrapper.framework; includeInIndex = 0; path = Pods_flixter_flixterUITests.framework; sourceTree = BUILT_PRODUCTS_DIR; };
/* End PBXFileReference section */

/* Begin PBXFrameworksBuildPhase section */
		94538F11285A554600CB2F62 /* Frameworks */ = {
			isa = PBXFrameworksBuildPhase;
			buildActionMask = 2147483647;
			files = (
				9476917A286017B900ED0947 /* WebKit.framework in Frameworks */,
				C776031F953C106772F00B1D /* Pods_flixter.framework in Frameworks */,
			);
			runOnlyForDeploymentPostprocessing = 0;
		};
		94538F2C285A554700CB2F62 /* Frameworks */ = {
			isa = PBXFrameworksBuildPhase;
			buildActionMask = 2147483647;
			files = (
				E195D3ECD64F509F56DB4594 /* Pods_flixterTests.framework in Frameworks */,
			);
			runOnlyForDeploymentPostprocessing = 0;
		};
		94538F36285A554700CB2F62 /* Frameworks */ = {
			isa = PBXFrameworksBuildPhase;
			buildActionMask = 2147483647;
			files = (
				15AF0E1E1235543A626CE7DA /* Pods_flixter_flixterUITests.framework in Frameworks */,
			);
			runOnlyForDeploymentPostprocessing = 0;
		};
/* End PBXFrameworksBuildPhase section */

/* Begin PBXGroup section */
		2A43B54754CBBEDD468B17A5 /* Frameworks */ = {
			isa = PBXGroup;
			children = (
				94769179286017B900ED0947 /* WebKit.framework */,
				31A933B1DCEE3B98ED5DA1C2 /* Pods_flixter.framework */,
				F57FB2ACDE931F574A8FD729 /* Pods_flixter_flixterUITests.framework */,
				723851B6E680FDD7EAEEB9F8 /* Pods_flixterTests.framework */,
			);
			name = Frameworks;
			sourceTree = "<group>";
		};
		2E229D88F4482B465ADE614A /* Pods */ = {
			isa = PBXGroup;
			children = (
				0CABD5C908DDA13A018650AA /* Pods-flixter.debug.xcconfig */,
				BC82DDC6B7BB4A281A5C476B /* Pods-flixter.release.xcconfig */,
				4B665C64C1365EAFD25F4B30 /* Pods-flixter-flixterUITests.debug.xcconfig */,
				86197190FCD07E2C153928C8 /* Pods-flixter-flixterUITests.release.xcconfig */,
				8259DD2D3E6810C80C888BA5 /* Pods-flixterTests.debug.xcconfig */,
				45291ED7FCDCC9AECE6ADB17 /* Pods-flixterTests.release.xcconfig */,
			);
			path = Pods;
			sourceTree = "<group>";
		};
		94538F0B285A554600CB2F62 = {
			isa = PBXGroup;
			children = (
				94538F16285A554600CB2F62 /* flixter */,
				94538F32285A554700CB2F62 /* flixterTests */,
				94538F3C285A554700CB2F62 /* flixterUITests */,
				94538F15285A554600CB2F62 /* Products */,
				2E229D88F4482B465ADE614A /* Pods */,
				2A43B54754CBBEDD468B17A5 /* Frameworks */,
			);
			sourceTree = "<group>";
		};
		94538F15285A554600CB2F62 /* Products */ = {
			isa = PBXGroup;
			children = (
				94538F14285A554600CB2F62 /* flixter.app */,
				94538F2F285A554700CB2F62 /* flixterTests.xctest */,
				94538F39285A554700CB2F62 /* flixterUITests.xctest */,
			);
			name = Products;
			sourceTree = "<group>";
		};
		94538F16285A554600CB2F62 /* flixter */ = {
			isa = PBXGroup;
			children = (
				94769172285FB74E00ED0947 /* Delegate */,
				94769171285FB6FE00ED0947 /* StoryBoard */,
				94769170285FB55800ED0947 /* CustomCell */,
				9476916F285FB52700ED0947 /* ViewController */,
				94538F23285A554600CB2F62 /* Assets.xcassets */,
				94538F28285A554600CB2F62 /* Info.plist */,
				94538F29285A554600CB2F62 /* main.m */,
			);
			path = flixter;
			sourceTree = "<group>";
		};
		94538F32285A554700CB2F62 /* flixterTests */ = {
			isa = PBXGroup;
			children = (
				94538F33285A554700CB2F62 /* flixterTests.m */,
			);
			path = flixterTests;
			sourceTree = "<group>";
		};
		94538F3C285A554700CB2F62 /* flixterUITests */ = {
			isa = PBXGroup;
			children = (
				94538F3D285A554700CB2F62 /* flixterUITests.m */,
				94538F3F285A554700CB2F62 /* flixterUITestsLaunchTests.m */,
			);
			path = flixterUITests;
			sourceTree = "<group>";
		};
		9476916F285FB52700ED0947 /* ViewController */ = {
			isa = PBXGroup;
			children = (
				94769173285FEB8200ED0947 /* TrailerViewController.h */,
				94769174285FEB8200ED0947 /* TrailerViewController.m */,
				94D43FE6285C58AA007C8827 /* GridViewController.h */,
				94D43FE7285C58AA007C8827 /* GridViewController.m */,
				94538FA0285BFE9400CB2F62 /* DetailsViewController.h */,
				94538FA1285BFE9400CB2F62 /* DetailsViewController.m */,
				94538F4C285A76E900CB2F62 /* MovieViewController.h */,
				94538F4D285A76E900CB2F62 /* MovieViewController.m */,
			);
			path = ViewController;
			sourceTree = "<group>";
		};
		94769170285FB55800ED0947 /* CustomCell */ = {
			isa = PBXGroup;
			children = (
				94D43FEC285C5966007C8827 /* MovieViewGridCell.h */,
				94D43FED285C5966007C8827 /* MovieViewGridCell.m */,
				94538F53285AAA7800CB2F62 /* myCustomCell.h */,
				94538F54285AAA7800CB2F62 /* myCustomCell.m */,
			);
			path = CustomCell;
			sourceTree = "<group>";
		};
		94769171285FB6FE00ED0947 /* StoryBoard */ = {
			isa = PBXGroup;
			children = (
				94538F20285A554600CB2F62 /* Main.storyboard */,
				94538F25285A554600CB2F62 /* LaunchScreen.storyboard */,
			);
			path = StoryBoard;
			sourceTree = "<group>";
		};
		94769172285FB74E00ED0947 /* Delegate */ = {
			isa = PBXGroup;
			children = (
				94538F17285A554600CB2F62 /* AppDelegate.h */,
				94538F18285A554600CB2F62 /* AppDelegate.m */,
				94538F1A285A554600CB2F62 /* SceneDelegate.h */,
				94538F1B285A554600CB2F62 /* SceneDelegate.m */,
			);
			path = Delegate;
			sourceTree = "<group>";
		};
/* End PBXGroup section */

/* Begin PBXNativeTarget section */
		94538F13285A554600CB2F62 /* flixter */ = {
			isa = PBXNativeTarget;
			buildConfigurationList = 94538F43285A554700CB2F62 /* Build configuration list for PBXNativeTarget "flixter" */;
			buildPhases = (
				8C2B89036CA480A55AB70130 /* [CP] Check Pods Manifest.lock */,
				94538F10285A554600CB2F62 /* Sources */,
				94538F11285A554600CB2F62 /* Frameworks */,
				94538F12285A554600CB2F62 /* Resources */,
				8304F55A41CE2F695A137F8F /* [CP] Embed Pods Frameworks */,
			);
			buildRules = (
			);
			dependencies = (
			);
			name = flixter;
			productName = flixter;
			productReference = 94538F14285A554600CB2F62 /* flixter.app */;
			productType = "com.apple.product-type.application";
		};
		94538F2E285A554700CB2F62 /* flixterTests */ = {
			isa = PBXNativeTarget;
			buildConfigurationList = 94538F46285A554700CB2F62 /* Build configuration list for PBXNativeTarget "flixterTests" */;
			buildPhases = (
				2DC291EE738B5797CD324F3D /* [CP] Check Pods Manifest.lock */,
				94538F2B285A554700CB2F62 /* Sources */,
				94538F2C285A554700CB2F62 /* Frameworks */,
				94538F2D285A554700CB2F62 /* Resources */,
			);
			buildRules = (
			);
			dependencies = (
				94538F31285A554700CB2F62 /* PBXTargetDependency */,
			);
			name = flixterTests;
			productName = flixterTests;
			productReference = 94538F2F285A554700CB2F62 /* flixterTests.xctest */;
			productType = "com.apple.product-type.bundle.unit-test";
		};
		94538F38285A554700CB2F62 /* flixterUITests */ = {
			isa = PBXNativeTarget;
			buildConfigurationList = 94538F49285A554700CB2F62 /* Build configuration list for PBXNativeTarget "flixterUITests" */;
			buildPhases = (
				216AC73F3780723643AAC706 /* [CP] Check Pods Manifest.lock */,
				94538F35285A554700CB2F62 /* Sources */,
				94538F36285A554700CB2F62 /* Frameworks */,
				94538F37285A554700CB2F62 /* Resources */,
				7DE2920DC842235EF4506D7A /* [CP] Embed Pods Frameworks */,
			);
			buildRules = (
			);
			dependencies = (
				94538F3B285A554700CB2F62 /* PBXTargetDependency */,
			);
			name = flixterUITests;
			productName = flixterUITests;
			productReference = 94538F39285A554700CB2F62 /* flixterUITests.xctest */;
			productType = "com.apple.product-type.bundle.ui-testing";
		};
/* End PBXNativeTarget section */

/* Begin PBXProject section */
		94538F0C285A554600CB2F62 /* Project object */ = {
			isa = PBXProject;
			attributes = {
				BuildIndependentTargetsInParallel = 1;
				LastUpgradeCheck = 1340;
				TargetAttributes = {
					94538F13285A554600CB2F62 = {
						CreatedOnToolsVersion = 13.4;
					};
					94538F2E285A554700CB2F62 = {
						CreatedOnToolsVersion = 13.4;
						TestTargetID = 94538F13285A554600CB2F62;
					};
					94538F38285A554700CB2F62 = {
						CreatedOnToolsVersion = 13.4;
						TestTargetID = 94538F13285A554600CB2F62;
					};
				};
			};
			buildConfigurationList = 94538F0F285A554600CB2F62 /* Build configuration list for PBXProject "flixter" */;
			compatibilityVersion = "Xcode 13.0";
			developmentRegion = en;
			hasScannedForEncodings = 0;
			knownRegions = (
				en,
				Base,
			);
			mainGroup = 94538F0B285A554600CB2F62;
			productRefGroup = 94538F15285A554600CB2F62 /* Products */;
			projectDirPath = "";
			projectRoot = "";
			targets = (
				94538F13285A554600CB2F62 /* flixter */,
				94538F2E285A554700CB2F62 /* flixterTests */,
				94538F38285A554700CB2F62 /* flixterUITests */,
			);
		};
/* End PBXProject section */

/* Begin PBXResourcesBuildPhase section */
		94538F12285A554600CB2F62 /* Resources */ = {
			isa = PBXResourcesBuildPhase;
			buildActionMask = 2147483647;
			files = (
				94538F27285A554600CB2F62 /* LaunchScreen.storyboard in Resources */,
				94538F24285A554600CB2F62 /* Assets.xcassets in Resources */,
				94538F22285A554600CB2F62 /* Main.storyboard in Resources */,
			);
			runOnlyForDeploymentPostprocessing = 0;
		};
		94538F2D285A554700CB2F62 /* Resources */ = {
			isa = PBXResourcesBuildPhase;
			buildActionMask = 2147483647;
			files = (
			);
			runOnlyForDeploymentPostprocessing = 0;
		};
		94538F37285A554700CB2F62 /* Resources */ = {
			isa = PBXResourcesBuildPhase;
			buildActionMask = 2147483647;
			files = (
			);
			runOnlyForDeploymentPostprocessing = 0;
		};
/* End PBXResourcesBuildPhase section */

/* Begin PBXShellScriptBuildPhase section */
		216AC73F3780723643AAC706 /* [CP] Check Pods Manifest.lock */ = {
			isa = PBXShellScriptBuildPhase;
			buildActionMask = 2147483647;
			files = (
			);
			inputFileListPaths = (
			);
			inputPaths = (
				"${PODS_PODFILE_DIR_PATH}/Podfile.lock",
				"${PODS_ROOT}/Manifest.lock",
			);
			name = "[CP] Check Pods Manifest.lock";
			outputFileListPaths = (
			);
			outputPaths = (
				"$(DERIVED_FILE_DIR)/Pods-flixter-flixterUITests-checkManifestLockResult.txt",
			);
			runOnlyForDeploymentPostprocessing = 0;
			shellPath = /bin/sh;
			shellScript = "diff \"${PODS_PODFILE_DIR_PATH}/Podfile.lock\" \"${PODS_ROOT}/Manifest.lock\" > /dev/null\nif [ $? != 0 ] ; then\n    # print error to STDERR\n    echo \"error: The sandbox is not in sync with the Podfile.lock. Run 'pod install' or update your CocoaPods installation.\" >&2\n    exit 1\nfi\n# This output is used by Xcode 'outputs' to avoid re-running this script phase.\necho \"SUCCESS\" > \"${SCRIPT_OUTPUT_FILE_0}\"\n";
			showEnvVarsInLog = 0;
		};
		2DC291EE738B5797CD324F3D /* [CP] Check Pods Manifest.lock */ = {
			isa = PBXShellScriptBuildPhase;
			buildActionMask = 2147483647;
			files = (
			);
			inputFileListPaths = (
			);
			inputPaths = (
				"${PODS_PODFILE_DIR_PATH}/Podfile.lock",
				"${PODS_ROOT}/Manifest.lock",
			);
			name = "[CP] Check Pods Manifest.lock";
			outputFileListPaths = (
			);
			outputPaths = (
				"$(DERIVED_FILE_DIR)/Pods-flixterTests-checkManifestLockResult.txt",
			);
			runOnlyForDeploymentPostprocessing = 0;
			shellPath = /bin/sh;
			shellScript = "diff \"${PODS_PODFILE_DIR_PATH}/Podfile.lock\" \"${PODS_ROOT}/Manifest.lock\" > /dev/null\nif [ $? != 0 ] ; then\n    # print error to STDERR\n    echo \"error: The sandbox is not in sync with the Podfile.lock. Run 'pod install' or update your CocoaPods installation.\" >&2\n    exit 1\nfi\n# This output is used by Xcode 'outputs' to avoid re-running this script phase.\necho \"SUCCESS\" > \"${SCRIPT_OUTPUT_FILE_0}\"\n";
			showEnvVarsInLog = 0;
		};
		7DE2920DC842235EF4506D7A /* [CP] Embed Pods Frameworks */ = {
			isa = PBXShellScriptBuildPhase;
			buildActionMask = 2147483647;
			files = (
			);
			inputFileListPaths = (
				"${PODS_ROOT}/Target Support Files/Pods-flixter-flixterUITests/Pods-flixter-flixterUITests-frameworks-${CONFIGURATION}-input-files.xcfilelist",
			);
			name = "[CP] Embed Pods Frameworks";
			outputFileListPaths = (
				"${PODS_ROOT}/Target Support Files/Pods-flixter-flixterUITests/Pods-flixter-flixterUITests-frameworks-${CONFIGURATION}-output-files.xcfilelist",
			);
			runOnlyForDeploymentPostprocessing = 0;
			shellPath = /bin/sh;
			shellScript = "\"${PODS_ROOT}/Target Support Files/Pods-flixter-flixterUITests/Pods-flixter-flixterUITests-frameworks.sh\"\n";
			showEnvVarsInLog = 0;
		};
		8304F55A41CE2F695A137F8F /* [CP] Embed Pods Frameworks */ = {
			isa = PBXShellScriptBuildPhase;
			buildActionMask = 2147483647;
			files = (
			);
			inputFileListPaths = (
				"${PODS_ROOT}/Target Support Files/Pods-flixter/Pods-flixter-frameworks-${CONFIGURATION}-input-files.xcfilelist",
			);
			name = "[CP] Embed Pods Frameworks";
			outputFileListPaths = (
				"${PODS_ROOT}/Target Support Files/Pods-flixter/Pods-flixter-frameworks-${CONFIGURATION}-output-files.xcfilelist",
			);
			runOnlyForDeploymentPostprocessing = 0;
			shellPath = /bin/sh;
			shellScript = "\"${PODS_ROOT}/Target Support Files/Pods-flixter/Pods-flixter-frameworks.sh\"\n";
			showEnvVarsInLog = 0;
		};
		8C2B89036CA480A55AB70130 /* [CP] Check Pods Manifest.lock */ = {
			isa = PBXShellScriptBuildPhase;
			buildActionMask = 2147483647;
			files = (
			);
			inputFileListPaths = (
			);
			inputPaths = (
				"${PODS_PODFILE_DIR_PATH}/Podfile.lock",
				"${PODS_ROOT}/Manifest.lock",
			);
			name = "[CP] Check Pods Manifest.lock";
			outputFileListPaths = (
			);
			outputPaths = (
				"$(DERIVED_FILE_DIR)/Pods-flixter-checkManifestLockResult.txt",
			);
			runOnlyForDeploymentPostprocessing = 0;
			shellPath = /bin/sh;
			shellScript = "diff \"${PODS_PODFILE_DIR_PATH}/Podfile.lock\" \"${PODS_ROOT}/Manifest.lock\" > /dev/null\nif [ $? != 0 ] ; then\n    # print error to STDERR\n    echo \"error: The sandbox is not in sync with the Podfile.lock. Run 'pod install' or update your CocoaPods installation.\" >&2\n    exit 1\nfi\n# This output is used by Xcode 'outputs' to avoid re-running this script phase.\necho \"SUCCESS\" > \"${SCRIPT_OUTPUT_FILE_0}\"\n";
			showEnvVarsInLog = 0;
		};
/* End PBXShellScriptBuildPhase section */

/* Begin PBXSourcesBuildPhase section */
		94538F10285A554600CB2F62 /* Sources */ = {
			isa = PBXSourcesBuildPhase;
			buildActionMask = 2147483647;
			files = (
				94538F4E285A76E900CB2F62 /* MovieViewController.m in Sources */,
				94538F19285A554600CB2F62 /* AppDelegate.m in Sources */,
				94538F2A285A554600CB2F62 /* main.m in Sources */,
				94D43FE8285C58AA007C8827 /* GridViewController.m in Sources */,
				94538FA2285BFE9400CB2F62 /* DetailsViewController.m in Sources */,
				94538F55285AAA7800CB2F62 /* myCustomCell.m in Sources */,
				94538F1C285A554600CB2F62 /* SceneDelegate.m in Sources */,
				94769175285FEB8200ED0947 /* TrailerViewController.m in Sources */,
				94D43FEE285C5966007C8827 /* MovieViewGridCell.m in Sources */,
			);
			runOnlyForDeploymentPostprocessing = 0;
		};
		94538F2B285A554700CB2F62 /* Sources */ = {
			isa = PBXSourcesBuildPhase;
			buildActionMask = 2147483647;
			files = (
				94538F34285A554700CB2F62 /* flixterTests.m in Sources */,
			);
			runOnlyForDeploymentPostprocessing = 0;
		};
		94538F35285A554700CB2F62 /* Sources */ = {
			isa = PBXSourcesBuildPhase;
			buildActionMask = 2147483647;
			files = (
				94538F3E285A554700CB2F62 /* flixterUITests.m in Sources */,
				94538F40285A554700CB2F62 /* flixterUITestsLaunchTests.m in Sources */,
			);
			runOnlyForDeploymentPostprocessing = 0;
		};
/* End PBXSourcesBuildPhase section */

/* Begin PBXTargetDependency section */
		94538F31285A554700CB2F62 /* PBXTargetDependency */ = {
			isa = PBXTargetDependency;
			target = 94538F13285A554600CB2F62 /* flixter */;
			targetProxy = 94538F30285A554700CB2F62 /* PBXContainerItemProxy */;
		};
		94538F3B285A554700CB2F62 /* PBXTargetDependency */ = {
			isa = PBXTargetDependency;
			target = 94538F13285A554600CB2F62 /* flixter */;
			targetProxy = 94538F3A285A554700CB2F62 /* PBXContainerItemProxy */;
		};
/* End PBXTargetDependency section */

/* Begin PBXVariantGroup section */
		94538F20285A554600CB2F62 /* Main.storyboard */ = {
			isa = PBXVariantGroup;
			children = (
				94538F21285A554600CB2F62 /* Base */,
			);
			name = Main.storyboard;
			sourceTree = "<group>";
		};
		94538F25285A554600CB2F62 /* LaunchScreen.storyboard */ = {
			isa = PBXVariantGroup;
			children = (
				94538F26285A554600CB2F62 /* Base */,
			);
			name = LaunchScreen.storyboard;
			sourceTree = "<group>";
		};
/* End PBXVariantGroup section */

/* Begin XCBuildConfiguration section */
		94538F41285A554700CB2F62 /* Debug */ = {
			isa = XCBuildConfiguration;
			buildSettings = {
				ALWAYS_SEARCH_USER_PATHS = NO;
				CLANG_ANALYZER_NONNULL = YES;
				CLANG_ANALYZER_NUMBER_OBJECT_CONVERSION = YES_AGGRESSIVE;
				CLANG_CXX_LANGUAGE_STANDARD = "gnu++17";
				CLANG_ENABLE_MODULES = YES;
				CLANG_ENABLE_OBJC_ARC = YES;
				CLANG_ENABLE_OBJC_WEAK = YES;
				CLANG_WARN_BLOCK_CAPTURE_AUTORELEASING = YES;
				CLANG_WARN_BOOL_CONVERSION = YES;
				CLANG_WARN_COMMA = YES;
				CLANG_WARN_CONSTANT_CONVERSION = YES;
				CLANG_WARN_DEPRECATED_OBJC_IMPLEMENTATIONS = YES;
				CLANG_WARN_DIRECT_OBJC_ISA_USAGE = YES_ERROR;
				CLANG_WARN_DOCUMENTATION_COMMENTS = YES;
				CLANG_WARN_EMPTY_BODY = YES;
				CLANG_WARN_ENUM_CONVERSION = YES;
				CLANG_WARN_INFINITE_RECURSION = YES;
				CLANG_WARN_INT_CONVERSION = YES;
				CLANG_WARN_NON_LITERAL_NULL_CONVERSION = YES;
				CLANG_WARN_OBJC_IMPLICIT_RETAIN_SELF = YES;
				CLANG_WARN_OBJC_LITERAL_CONVERSION = YES;
				CLANG_WARN_OBJC_ROOT_CLASS = YES_ERROR;
				CLANG_WARN_QUOTED_INCLUDE_IN_FRAMEWORK_HEADER = YES;
				CLANG_WARN_RANGE_LOOP_ANALYSIS = YES;
				CLANG_WARN_STRICT_PROTOTYPES = YES;
				CLANG_WARN_SUSPICIOUS_MOVE = YES;
				CLANG_WARN_UNGUARDED_AVAILABILITY = YES_AGGRESSIVE;
				CLANG_WARN_UNREACHABLE_CODE = YES;
				CLANG_WARN__DUPLICATE_METHOD_MATCH = YES;
				COPY_PHASE_STRIP = NO;
				DEBUG_INFORMATION_FORMAT = dwarf;
				ENABLE_STRICT_OBJC_MSGSEND = YES;
				ENABLE_TESTABILITY = YES;
				GCC_C_LANGUAGE_STANDARD = gnu11;
				GCC_DYNAMIC_NO_PIC = NO;
				GCC_NO_COMMON_BLOCKS = YES;
				GCC_OPTIMIZATION_LEVEL = 0;
				GCC_PREPROCESSOR_DEFINITIONS = (
					"DEBUG=1",
					"$(inherited)",
				);
				GCC_WARN_64_TO_32_BIT_CONVERSION = YES;
				GCC_WARN_ABOUT_RETURN_TYPE = YES_ERROR;
				GCC_WARN_UNDECLARED_SELECTOR = YES;
				GCC_WARN_UNINITIALIZED_AUTOS = YES_AGGRESSIVE;
				GCC_WARN_UNUSED_FUNCTION = YES;
				GCC_WARN_UNUSED_VARIABLE = YES;
				IPHONEOS_DEPLOYMENT_TARGET = 15.5;
				MTL_ENABLE_DEBUG_INFO = INCLUDE_SOURCE;
				MTL_FAST_MATH = YES;
				ONLY_ACTIVE_ARCH = YES;
				SDKROOT = iphoneos;
			};
			name = Debug;
		};
		94538F42285A554700CB2F62 /* Release */ = {
			isa = XCBuildConfiguration;
			buildSettings = {
				ALWAYS_SEARCH_USER_PATHS = NO;
				CLANG_ANALYZER_NONNULL = YES;
				CLANG_ANALYZER_NUMBER_OBJECT_CONVERSION = YES_AGGRESSIVE;
				CLANG_CXX_LANGUAGE_STANDARD = "gnu++17";
				CLANG_ENABLE_MODULES = YES;
				CLANG_ENABLE_OBJC_ARC = YES;
				CLANG_ENABLE_OBJC_WEAK = YES;
				CLANG_WARN_BLOCK_CAPTURE_AUTORELEASING = YES;
				CLANG_WARN_BOOL_CONVERSION = YES;
				CLANG_WARN_COMMA = YES;
				CLANG_WARN_CONSTANT_CONVERSION = YES;
				CLANG_WARN_DEPRECATED_OBJC_IMPLEMENTATIONS = YES;
				CLANG_WARN_DIRECT_OBJC_ISA_USAGE = YES_ERROR;
				CLANG_WARN_DOCUMENTATION_COMMENTS = YES;
				CLANG_WARN_EMPTY_BODY = YES;
				CLANG_WARN_ENUM_CONVERSION = YES;
				CLANG_WARN_INFINITE_RECURSION = YES;
				CLANG_WARN_INT_CONVERSION = YES;
				CLANG_WARN_NON_LITERAL_NULL_CONVERSION = YES;
				CLANG_WARN_OBJC_IMPLICIT_RETAIN_SELF = YES;
				CLANG_WARN_OBJC_LITERAL_CONVERSION = YES;
				CLANG_WARN_OBJC_ROOT_CLASS = YES_ERROR;
				CLANG_WARN_QUOTED_INCLUDE_IN_FRAMEWORK_HEADER = YES;
				CLANG_WARN_RANGE_LOOP_ANALYSIS = YES;
				CLANG_WARN_STRICT_PROTOTYPES = YES;
				CLANG_WARN_SUSPICIOUS_MOVE = YES;
				CLANG_WARN_UNGUARDED_AVAILABILITY = YES_AGGRESSIVE;
				CLANG_WARN_UNREACHABLE_CODE = YES;
				CLANG_WARN__DUPLICATE_METHOD_MATCH = YES;
				COPY_PHASE_STRIP = NO;
				DEBUG_INFORMATION_FORMAT = "dwarf-with-dsym";
				ENABLE_NS_ASSERTIONS = NO;
				ENABLE_STRICT_OBJC_MSGSEND = YES;
				GCC_C_LANGUAGE_STANDARD = gnu11;
				GCC_NO_COMMON_BLOCKS = YES;
				GCC_WARN_64_TO_32_BIT_CONVERSION = YES;
				GCC_WARN_ABOUT_RETURN_TYPE = YES_ERROR;
				GCC_WARN_UNDECLARED_SELECTOR = YES;
				GCC_WARN_UNINITIALIZED_AUTOS = YES_AGGRESSIVE;
				GCC_WARN_UNUSED_FUNCTION = YES;
				GCC_WARN_UNUSED_VARIABLE = YES;
				IPHONEOS_DEPLOYMENT_TARGET = 15.5;
				MTL_ENABLE_DEBUG_INFO = NO;
				MTL_FAST_MATH = YES;
				SDKROOT = iphoneos;
				VALIDATE_PRODUCT = YES;
			};
			name = Release;
		};
		94538F44285A554700CB2F62 /* Debug */ = {
			isa = XCBuildConfiguration;
			baseConfigurationReference = 0CABD5C908DDA13A018650AA /* Pods-flixter.debug.xcconfig */;
			buildSettings = {
				ASSETCATALOG_COMPILER_APPICON_NAME = AppIcon;
				ASSETCATALOG_COMPILER_GLOBAL_ACCENT_COLOR_NAME = AccentColor;
				CODE_SIGN_STYLE = Automatic;
				CURRENT_PROJECT_VERSION = 1;
				DEVELOPMENT_TEAM = B66G8U4UU4;
				GENERATE_INFOPLIST_FILE = YES;
				INFOPLIST_FILE = flixter/Info.plist;
				INFOPLIST_KEY_UIApplicationSupportsIndirectInputEvents = YES;
				INFOPLIST_KEY_UILaunchStoryboardName = LaunchScreen;
				INFOPLIST_KEY_UIMainStoryboardFile = Main;
				INFOPLIST_KEY_UISupportedInterfaceOrientations_iPad = "UIInterfaceOrientationPortrait UIInterfaceOrientationPortraitUpsideDown UIInterfaceOrientationLandscapeLeft UIInterfaceOrientationLandscapeRight";
				INFOPLIST_KEY_UISupportedInterfaceOrientations_iPhone = "UIInterfaceOrientationPortrait UIInterfaceOrientationLandscapeLeft UIInterfaceOrientationLandscapeRight";
				LD_RUNPATH_SEARCH_PATHS = (
					"$(inherited)",
					"@executable_path/Frameworks",
				);
				MARKETING_VERSION = 1.0;
				PRODUCT_BUNDLE_IDENTIFIER = com.codepath.flixter2;
				PRODUCT_NAME = "$(TARGET_NAME)";
				SWIFT_EMIT_LOC_STRINGS = YES;
				TARGETED_DEVICE_FAMILY = "1,2";
			};
			name = Debug;
		};
		94538F45285A554700CB2F62 /* Release */ = {
			isa = XCBuildConfiguration;
			baseConfigurationReference = BC82DDC6B7BB4A281A5C476B /* Pods-flixter.release.xcconfig */;
			buildSettings = {
				ASSETCATALOG_COMPILER_APPICON_NAME = AppIcon;
				ASSETCATALOG_COMPILER_GLOBAL_ACCENT_COLOR_NAME = AccentColor;
				CODE_SIGN_STYLE = Automatic;
				CURRENT_PROJECT_VERSION = 1;
				DEVELOPMENT_TEAM = B66G8U4UU4;
				GENERATE_INFOPLIST_FILE = YES;
				INFOPLIST_FILE = flixter/Info.plist;
				INFOPLIST_KEY_UIApplicationSupportsIndirectInputEvents = YES;
				INFOPLIST_KEY_UILaunchStoryboardName = LaunchScreen;
				INFOPLIST_KEY_UIMainStoryboardFile = Main;
				INFOPLIST_KEY_UISupportedInterfaceOrientations_iPad = "UIInterfaceOrientationPortrait UIInterfaceOrientationPortraitUpsideDown UIInterfaceOrientationLandscapeLeft UIInterfaceOrientationLandscapeRight";
				INFOPLIST_KEY_UISupportedInterfaceOrientations_iPhone = "UIInterfaceOrientationPortrait UIInterfaceOrientationLandscapeLeft UIInterfaceOrientationLandscapeRight";
				LD_RUNPATH_SEARCH_PATHS = (
					"$(inherited)",
					"@executable_path/Frameworks",
				);
				MARKETING_VERSION = 1.0;
				PRODUCT_BUNDLE_IDENTIFIER = com.codepath.flixter2;
				PRODUCT_NAME = "$(TARGET_NAME)";
				SWIFT_EMIT_LOC_STRINGS = YES;
				TARGETED_DEVICE_FAMILY = "1,2";
			};
			name = Release;
		};
		94538F47285A554700CB2F62 /* Debug */ = {
			isa = XCBuildConfiguration;
			baseConfigurationReference = 8259DD2D3E6810C80C888BA5 /* Pods-flixterTests.debug.xcconfig */;
			buildSettings = {
				BUNDLE_LOADER = "$(TEST_HOST)";
				CODE_SIGN_STYLE = Automatic;
				CURRENT_PROJECT_VERSION = 1;
				DEVELOPMENT_TEAM = B66G8U4UU4;
				GENERATE_INFOPLIST_FILE = YES;
				IPHONEOS_DEPLOYMENT_TARGET = 15.5;
				MARKETING_VERSION = 1.0;
				PRODUCT_BUNDLE_IDENTIFIER = com.codepath.flixterTests;
				PRODUCT_NAME = "$(TARGET_NAME)";
				SWIFT_EMIT_LOC_STRINGS = NO;
				TARGETED_DEVICE_FAMILY = "1,2";
				TEST_HOST = "$(BUILT_PRODUCTS_DIR)/flixter.app/flixter";
			};
			name = Debug;
		};
		94538F48285A554700CB2F62 /* Release */ = {
			isa = XCBuildConfiguration;
			baseConfigurationReference = 45291ED7FCDCC9AECE6ADB17 /* Pods-flixterTests.release.xcconfig */;
			buildSettings = {
				BUNDLE_LOADER = "$(TEST_HOST)";
				CODE_SIGN_STYLE = Automatic;
				CURRENT_PROJECT_VERSION = 1;
				DEVELOPMENT_TEAM = B66G8U4UU4;
				GENERATE_INFOPLIST_FILE = YES;
				IPHONEOS_DEPLOYMENT_TARGET = 15.5;
				MARKETING_VERSION = 1.0;
				PRODUCT_BUNDLE_IDENTIFIER = com.codepath.flixterTests;
				PRODUCT_NAME = "$(TARGET_NAME)";
				SWIFT_EMIT_LOC_STRINGS = NO;
				TARGETED_DEVICE_FAMILY = "1,2";
				TEST_HOST = "$(BUILT_PRODUCTS_DIR)/flixter.app/flixter";
			};
			name = Release;
		};
		94538F4A285A554700CB2F62 /* Debug */ = {
			isa = XCBuildConfiguration;
			baseConfigurationReference = 4B665C64C1365EAFD25F4B30 /* Pods-flixter-flixterUITests.debug.xcconfig */;
			buildSettings = {
				CODE_SIGN_STYLE = Automatic;
				CURRENT_PROJECT_VERSION = 1;
				DEVELOPMENT_TEAM = B66G8U4UU4;
				GENERATE_INFOPLIST_FILE = YES;
				MARKETING_VERSION = 1.0;
				PRODUCT_BUNDLE_IDENTIFIER = com.codepath.flixterUITests;
				PRODUCT_NAME = "$(TARGET_NAME)";
				SWIFT_EMIT_LOC_STRINGS = NO;
				TARGETED_DEVICE_FAMILY = "1,2";
				TEST_TARGET_NAME = flixter;
			};
			name = Debug;
		};
		94538F4B285A554700CB2F62 /* Release */ = {
			isa = XCBuildConfiguration;
			baseConfigurationReference = 86197190FCD07E2C153928C8 /* Pods-flixter-flixterUITests.release.xcconfig */;
			buildSettings = {
				CODE_SIGN_STYLE = Automatic;
				CURRENT_PROJECT_VERSION = 1;
				DEVELOPMENT_TEAM = B66G8U4UU4;
				GENERATE_INFOPLIST_FILE = YES;
				MARKETING_VERSION = 1.0;
				PRODUCT_BUNDLE_IDENTIFIER = com.codepath.flixterUITests;
				PRODUCT_NAME = "$(TARGET_NAME)";
				SWIFT_EMIT_LOC_STRINGS = NO;
				TARGETED_DEVICE_FAMILY = "1,2";
				TEST_TARGET_NAME = flixter;
			};
			name = Release;
		};
/* End XCBuildConfiguration section */

/* Begin XCConfigurationList section */
		94538F0F285A554600CB2F62 /* Build configuration list for PBXProject "flixter" */ = {
			isa = XCConfigurationList;
			buildConfigurations = (
				94538F41285A554700CB2F62 /* Debug */,
				94538F42285A554700CB2F62 /* Release */,
			);
			defaultConfigurationIsVisible = 0;
			defaultConfigurationName = Release;
		};
		94538F43285A554700CB2F62 /* Build configuration list for PBXNativeTarget "flixter" */ = {
			isa = XCConfigurationList;
			buildConfigurations = (
				94538F44285A554700CB2F62 /* Debug */,
				94538F45285A554700CB2F62 /* Release */,
			);
			defaultConfigurationIsVisible = 0;
			defaultConfigurationName = Release;
		};
		94538F46285A554700CB2F62 /* Build configuration list for PBXNativeTarget "flixterTests" */ = {
			isa = XCConfigurationList;
			buildConfigurations = (
				94538F47285A554700CB2F62 /* Debug */,
				94538F48285A554700CB2F62 /* Release */,
			);
			defaultConfigurationIsVisible = 0;
			defaultConfigurationName = Release;
		};
		94538F49285A554700CB2F62 /* Build configuration list for PBXNativeTarget "flixterUITests" */ = {
			isa = XCConfigurationList;
			buildConfigurations = (
				94538F4A285A554700CB2F62 /* Debug */,
				94538F4B285A554700CB2F62 /* Release */,
			);
			defaultConfigurationIsVisible = 0;
			defaultConfigurationName = Release;
		};
/* End XCConfigurationList section */
	};
	rootObject = 94538F0C285A554600CB2F62 /* Project object */;
}
